
Microsoft Visual Studio Solution File, Format Version 12.00
# Visual Studio 15
VisualStudioVersion = 15.0.28307.1800
MinimumVisualStudioVersion = 10.0.40219.1
Project("{FAE04EC0-301F-11D3-BF4B-00C04F79EFBC}") = "Control", "Control\Control.csproj", "{6D54F8F7-39DE-4076-BC26-775D833A3C85}"
EndProject
Project("{FAE04EC0-301F-11D3-BF4B-00C04F79EFBC}") = "XdServiceEcuador", "Interfaz\XdServiceEcuador.csproj", "{50F7C2A2-4E44-46BD-90F6-A3BDE572E147}"
EndProject
Project("{FAE04EC0-301F-11D3-BF4B-00C04F79EFBC}") = "Datos", "Datos\Datos.csproj", "{30E49478-97EE-45B6-A9C2-4E5242F7A39F}"
EndProject
Project("{FAE04EC0-301F-11D3-BF4B-00C04F79EFBC}") = "ReportesDEI", "ReportesDEI\ReportesDEI.csproj", "{7BF16AC1-1499-462C-A727-2B27014011C1}"
EndProject
Project("{FAE04EC0-301F-11D3-BF4B-00C04F79EFBC}") = "GenCode128", "GenCode128\GenCode128.csproj", "{32817BF9-E380-4467-9C7F-936F4B122BC7}"
EndProject
Project("{FAE04EC0-301F-11D3-BF4B-00C04F79EFBC}") = "ValSign", "validacion\ValSign.csproj", "{EB349C5B-EB39-4816-8E7B-2B64CE9FB486}"
EndProject
Project("{FAE04EC0-301F-11D3-BF4B-00C04F79EFBC}") = "Invoicec", "Invoicec\Invoicec.csproj", "{D8BC65B7-192F-4913-8827-B021B0D271E6}"
EndProject
Project("{FAE04EC0-301F-11D3-BF4B-00C04F79EFBC}") = "CriptoSimetrica", "CriptoSimetrica\CriptoSimetrica.csproj", "{AD906785-969C-4D18-B53E-B6A129EF9A0E}"
EndProject
Project("{54435603-DBB4-11D2-8724-00A0C9A8B90C}") = "Invoicec_Unacem", "Invoicec_Unacem\Invoicec_Unacem.vdproj", "{6925A0D3-97FC-4F37-8000-0F48F4EB6FDA}"
EndProject
Project("{FAE04EC0-301F-11D3-BF4B-00C04F79EFBC}") = "clibLogger", "..\..\clibLogger\clibLogger.csproj", "{B6B35C8B-391A-425E-A6C6-016E163D0BF6}"
EndProject
Global
	GlobalSection(SolutionConfigurationPlatforms) = preSolution
		Debug|Any CPU = Debug|Any CPU
		Debug|Mixed Platforms = Debug|Mixed Platforms
		Debug|x64 = Debug|x64
		Debug|x86 = Debug|x86
		Release|Any CPU = Release|Any CPU
		Release|Mixed Platforms = Release|Mixed Platforms
		Release|x64 = Release|x64
		Release|x86 = Release|x86
	EndGlobalSection
	GlobalSection(ProjectConfigurationPlatforms) = postSolution
		{6D54F8F7-39DE-4076-BC26-775D833A3C85}.Debug|Any CPU.ActiveCfg = Debug|Any CPU
		{6D54F8F7-39DE-4076-BC26-775D833A3C85}.Debug|Any CPU.Build.0 = Debug|Any CPU
		{6D54F8F7-39DE-4076-BC26-775D833A3C85}.Debug|Mixed Platforms.ActiveCfg = Debug|Any CPU
		{6D54F8F7-39DE-4076-BC26-775D833A3C85}.Debug|Mixed Platforms.Build.0 = Debug|Any CPU
		{6D54F8F7-39DE-4076-BC26-775D833A3C85}.Debug|x64.ActiveCfg = Debug|x64
		{6D54F8F7-39DE-4076-BC26-775D833A3C85}.Debug|x64.Build.0 = Debug|x64
		{6D54F8F7-39DE-4076-BC26-775D833A3C85}.Debug|x86.ActiveCfg = Debug|Any CPU
		{6D54F8F7-39DE-4076-BC26-775D833A3C85}.Release|Any CPU.ActiveCfg = Release|Any CPU
		{6D54F8F7-39DE-4076-BC26-775D833A3C85}.Release|Any CPU.Build.0 = Release|Any CPU
		{6D54F8F7-39DE-4076-BC26-775D833A3C85}.Release|Mixed Platforms.ActiveCfg = Release|Any CPU
		{6D54F8F7-39DE-4076-BC26-775D833A3C85}.Release|Mixed Platforms.Build.0 = Release|Any CPU
		{6D54F8F7-39DE-4076-BC26-775D833A3C85}.Release|x64.ActiveCfg = Release|x64
		{6D54F8F7-39DE-4076-BC26-775D833A3C85}.Release|x64.Build.0 = Release|x64
		{6D54F8F7-39DE-4076-BC26-775D833A3C85}.Release|x86.ActiveCfg = Release|Any CPU
		{50F7C2A2-4E44-46BD-90F6-A3BDE572E147}.Debug|Any CPU.ActiveCfg = Debug|x86
		{50F7C2A2-4E44-46BD-90F6-A3BDE572E147}.Debug|Any CPU.Build.0 = Debug|x86
		{50F7C2A2-4E44-46BD-90F6-A3BDE572E147}.Debug|Mixed Platforms.ActiveCfg = Debug|x86
		{50F7C2A2-4E44-46BD-90F6-A3BDE572E147}.Debug|Mixed Platforms.Build.0 = Debug|x86
		{50F7C2A2-4E44-46BD-90F6-A3BDE572E147}.Debug|x64.ActiveCfg = Debug|x64
		{50F7C2A2-4E44-46BD-90F6-A3BDE572E147}.Debug|x64.Build.0 = Debug|x64
		{50F7C2A2-4E44-46BD-90F6-A3BDE572E147}.Debug|x86.ActiveCfg = Debug|x86
		{50F7C2A2-4E44-46BD-90F6-A3BDE572E147}.Debug|x86.Build.0 = Debug|x86
		{50F7C2A2-4E44-46BD-90F6-A3BDE572E147}.Release|Any CPU.ActiveCfg = Release|x86
		{50F7C2A2-4E44-46BD-90F6-A3BDE572E147}.Release|Mixed Platforms.ActiveCfg = Release|x86
		{50F7C2A2-4E44-46BD-90F6-A3BDE572E147}.Release|Mixed Platforms.Build.0 = Release|x86
		{50F7C2A2-4E44-46BD-90F6-A3BDE572E147}.Release|x64.ActiveCfg = Release|x64
		{50F7C2A2-4E44-46BD-90F6-A3BDE572E147}.Release|x64.Build.0 = Release|x64
		{50F7C2A2-4E44-46BD-90F6-A3BDE572E147}.Release|x86.ActiveCfg = Release|x86
		{50F7C2A2-4E44-46BD-90F6-A3BDE572E147}.Release|x86.Build.0 = Release|x86
		{30E49478-97EE-45B6-A9C2-4E5242F7A39F}.Debug|Any CPU.ActiveCfg = Debug|Any CPU
		{30E49478-97EE-45B6-A9C2-4E5242F7A39F}.Debug|Any CPU.Build.0 = Debug|Any CPU
		{30E49478-97EE-45B6-A9C2-4E5242F7A39F}.Debug|Mixed Platforms.ActiveCfg = Debug|Any CPU
		{30E49478-97EE-45B6-A9C2-4E5242F7A39F}.Debug|Mixed Platforms.Build.0 = Debug|Any CPU
		{30E49478-97EE-45B6-A9C2-4E5242F7A39F}.Debug|x64.ActiveCfg = Debug|x64
		{30E49478-97EE-45B6-A9C2-4E5242F7A39F}.Debug|x64.Build.0 = Debug|x64
		{30E49478-97EE-45B6-A9C2-4E5242F7A39F}.Debug|x86.ActiveCfg = Debug|Any CPU
		{30E49478-97EE-45B6-A9C2-4E5242F7A39F}.Release|Any CPU.ActiveCfg = Release|Any CPU
		{30E49478-97EE-45B6-A9C2-4E5242F7A39F}.Release|Any CPU.Build.0 = Release|Any CPU
		{30E49478-97EE-45B6-A9C2-4E5242F7A39F}.Release|Mixed Platforms.ActiveCfg = Release|Any CPU
		{30E49478-97EE-45B6-A9C2-4E5242F7A39F}.Release|Mixed Platforms.Build.0 = Release|Any CPU
		{30E49478-97EE-45B6-A9C2-4E5242F7A39F}.Release|x64.ActiveCfg = Release|x64
		{30E49478-97EE-45B6-A9C2-4E5242F7A39F}.Release|x64.Build.0 = Release|x64
		{30E49478-97EE-45B6-A9C2-4E5242F7A39F}.Release|x86.ActiveCfg = Release|Any CPU
		{7BF16AC1-1499-462C-A727-2B27014011C1}.Debug|Any CPU.ActiveCfg = Debug|Any CPU
		{7BF16AC1-1499-462C-A727-2B27014011C1}.Debug|Any CPU.Build.0 = Debug|Any CPU
		{7BF16AC1-1499-462C-A727-2B27014011C1}.Debug|Mixed Platforms.ActiveCfg = Debug|Any CPU
		{7BF16AC1-1499-462C-A727-2B27014011C1}.Debug|Mixed Platforms.Build.0 = Debug|Any CPU
		{7BF16AC1-1499-462C-A727-2B27014011C1}.Debug|x64.ActiveCfg = Debug|Any CPU
		{7BF16AC1-1499-462C-A727-2B27014011C1}.Debug|x64.Build.0 = Debug|Any CPU
		{7BF16AC1-1499-462C-A727-2B27014011C1}.Debug|x86.ActiveCfg = Debug|Any CPU
		{7BF16AC1-1499-462C-A727-2B27014011C1}.Release|Any CPU.ActiveCfg = Release|Any CPU
		{7BF16AC1-1499-462C-A727-2B27014011C1}.Release|Any CPU.Build.0 = Release|Any CPU
		{7BF16AC1-1499-462C-A727-2B27014011C1}.Release|Mixed Platforms.ActiveCfg = Release|Any CPU
		{7BF16AC1-1499-462C-A727-2B27014011C1}.Release|Mixed Platforms.Build.0 = Release|Any CPU
		{7BF16AC1-1499-462C-A727-2B27014011C1}.Release|x64.ActiveCfg = Release|Any CPU
		{7BF16AC1-1499-462C-A727-2B27014011C1}.Release|x64.Build.0 = Release|Any CPU
		{7BF16AC1-1499-462C-A727-2B27014011C1}.Release|x86.ActiveCfg = Release|Any CPU
		{32817BF9-E380-4467-9C7F-936F4B122BC7}.Debug|Any CPU.ActiveCfg = Debug|Any CPU
		{32817BF9-E380-4467-9C7F-936F4B122BC7}.Debug|Any CPU.Build.0 = Debug|Any CPU
		{32817BF9-E380-4467-9C7F-936F4B122BC7}.Debug|Mixed Platforms.ActiveCfg = Debug|Any CPU
		{32817BF9-E380-4467-9C7F-936F4B122BC7}.Debug|Mixed Platforms.Build.0 = Debug|Any CPU
		{32817BF9-E380-4467-9C7F-936F4B122BC7}.Debug|x64.ActiveCfg = Debug|Any CPU
		{32817BF9-E380-4467-9C7F-936F4B122BC7}.Debug|x64.Build.0 = Debug|Any CPU
		{32817BF9-E380-4467-9C7F-936F4B122BC7}.Debug|x86.ActiveCfg = Debug|Any CPU
		{32817BF9-E380-4467-9C7F-936F4B122BC7}.Release|Any CPU.ActiveCfg = Release|Any CPU
		{32817BF9-E380-4467-9C7F-936F4B122BC7}.Release|Any CPU.Build.0 = Release|Any CPU
		{32817BF9-E380-4467-9C7F-936F4B122BC7}.Release|Mixed Platforms.ActiveCfg = Release|Any CPU
		{32817BF9-E380-4467-9C7F-936F4B122BC7}.Release|Mixed Platforms.Build.0 = Release|Any CPU
		{32817BF9-E380-4467-9C7F-936F4B122BC7}.Release|x64.ActiveCfg = Release|Any CPU
		{32817BF9-E380-4467-9C7F-936F4B122BC7}.Release|x64.Build.0 = Release|Any CPU
		{32817BF9-E380-4467-9C7F-936F4B122BC7}.Release|x86.ActiveCfg = Release|Any CPU
		{EB349C5B-EB39-4816-8E7B-2B64CE9FB486}.Debug|Any CPU.ActiveCfg = Debug|Any CPU
		{EB349C5B-EB39-4816-8E7B-2B64CE9FB486}.Debug|Any CPU.Build.0 = Debug|Any CPU
		{EB349C5B-EB39-4816-8E7B-2B64CE9FB486}.Debug|Mixed Platforms.ActiveCfg = Debug|Any CPU
		{EB349C5B-EB39-4816-8E7B-2B64CE9FB486}.Debug|Mixed Platforms.Build.0 = Debug|Any CPU
		{EB349C5B-EB39-4816-8E7B-2B64CE9FB486}.Debug|x64.ActiveCfg = Debug|Any CPU
		{EB349C5B-EB39-4816-8E7B-2B64CE9FB486}.Debug|x64.Build.0 = Debug|Any CPU
		{EB349C5B-EB39-4816-8E7B-2B64CE9FB486}.Debug|x86.ActiveCfg = Debug|Any CPU
		{EB349C5B-EB39-4816-8E7B-2B64CE9FB486}.Release|Any CPU.ActiveCfg = Release|Any CPU
		{EB349C5B-EB39-4816-8E7B-2B64CE9FB486}.Release|Any CPU.Build.0 = Release|Any CPU
		{EB349C5B-EB39-4816-8E7B-2B64CE9FB486}.Release|Mixed Platforms.ActiveCfg = Release|Any CPU
		{EB349C5B-EB39-4816-8E7B-2B64CE9FB486}.Release|Mixed Platforms.Build.0 = Release|Any CPU
		{EB349C5B-EB39-4816-8E7B-2B64CE9FB486}.Release|x64.ActiveCfg = Release|Any CPU
		{EB349C5B-EB39-4816-8E7B-2B64CE9FB486}.Release|x64.Build.0 = Release|Any CPU
		{EB349C5B-EB39-4816-8E7B-2B64CE9FB486}.Release|x86.ActiveCfg = Release|Any CPU
		{D8BC65B7-192F-4913-8827-B021B0D271E6}.Debug|Any CPU.ActiveCfg = Debug|x86
		{D8BC65B7-192F-4913-8827-B021B0D271E6}.Debug|Mixed Platforms.ActiveCfg = Debug|x86
		{D8BC65B7-192F-4913-8827-B021B0D271E6}.Debug|Mixed Platforms.Build.0 = Debug|x86
		{D8BC65B7-192F-4913-8827-B021B0D271E6}.Debug|x64.ActiveCfg = Debug|x86
		{D8BC65B7-192F-4913-8827-B021B0D271E6}.Debug|x64.Build.0 = Debug|x86
		{D8BC65B7-192F-4913-8827-B021B0D271E6}.Debug|x86.ActiveCfg = Debug|x86
		{D8BC65B7-192F-4913-8827-B021B0D271E6}.Debug|x86.Build.0 = Debug|x86
		{D8BC65B7-192F-4913-8827-B021B0D271E6}.Release|Any CPU.ActiveCfg = Release|x86
		{D8BC65B7-192F-4913-8827-B021B0D271E6}.Release|Mixed Platforms.ActiveCfg = Release|x86
		{D8BC65B7-192F-4913-8827-B021B0D271E6}.Release|Mixed Platforms.Build.0 = Release|x86
		{D8BC65B7-192F-4913-8827-B021B0D271E6}.Release|x64.ActiveCfg = Release|x86
		{D8BC65B7-192F-4913-8827-B021B0D271E6}.Release|x64.Build.0 = Release|x86
		{D8BC65B7-192F-4913-8827-B021B0D271E6}.Release|x86.ActiveCfg = Release|x86
		{D8BC65B7-192F-4913-8827-B021B0D271E6}.Release|x86.Build.0 = Release|x86
		{AD906785-969C-4D18-B53E-B6A129EF9A0E}.Debug|Any CPU.ActiveCfg = Debug|Any CPU
		{AD906785-969C-4D18-B53E-B6A129EF9A0E}.Debug|Any CPU.Build.0 = Debug|Any CPU
		{AD906785-969C-4D18-B53E-B6A129EF9A0E}.Debug|Mixed Platforms.ActiveCfg = Debug|Any CPU
		{AD906785-969C-4D18-B53E-B6A129EF9A0E}.Debug|Mixed Platforms.Build.0 = Debug|Any CPU
		{AD906785-969C-4D18-B53E-B6A129EF9A0E}.Debug|x64.ActiveCfg = Debug|Any CPU
		{AD906785-969C-4D18-B53E-B6A129EF9A0E}.Debug|x64.Build.0 = Debug|Any CPU
		{AD906785-969C-4D18-B53E-B6A129EF9A0E}.Debug|x86.ActiveCfg = Debug|Any CPU
		{AD906785-969C-4D18-B53E-B6A129EF9A0E}.Release|Any CPU.ActiveCfg = Release|Any CPU
		{AD906785-969C-4D18-B53E-B6A129EF9A0E}.Release|Any CPU.Build.0 = Release|Any CPU
		{AD906785-969C-4D18-B53E-B6A129EF9A0E}.Release|Mixed Platforms.ActiveCfg = Release|Any CPU
		{AD906785-969C-4D18-B53E-B6A129EF9A0E}.Release|Mixed Platforms.Build.0 = Release|Any CPU
		{AD906785-969C-4D18-B53E-B6A129EF9A0E}.Release|x64.ActiveCfg = Release|Any CPU
		{AD906785-969C-4D18-B53E-B6A129EF9A0E}.Release|x64.Build.0 = Release|Any CPU
		{AD906785-969C-4D18-B53E-B6A129EF9A0E}.Release|x86.ActiveCfg = Release|Any CPU
		{6925A0D3-97FC-4F37-8000-0F48F4EB6FDA}.Debug|Any CPU.ActiveCfg = Debug
		{6925A0D3-97FC-4F37-8000-0F48F4EB6FDA}.Debug|Mixed Platforms.ActiveCfg = Debug
		{6925A0D3-97FC-4F37-8000-0F48F4EB6FDA}.Debug|x64.ActiveCfg = Debug
		{6925A0D3-97FC-4F37-8000-0F48F4EB6FDA}.Debug|x86.ActiveCfg = Debug
		{6925A0D3-97FC-4F37-8000-0F48F4EB6FDA}.Release|Any CPU.ActiveCfg = Release
		{6925A0D3-97FC-4F37-8000-0F48F4EB6FDA}.Release|Mixed Platforms.ActiveCfg = Release
		{6925A0D3-97FC-4F37-8000-0F48F4EB6FDA}.Release|x64.ActiveCfg = Release
		{6925A0D3-97FC-4F37-8000-0F48F4EB6FDA}.Release|x86.ActiveCfg = Release
		{B6B35C8B-391A-425E-A6C6-016E163D0BF6}.Debug|Any CPU.ActiveCfg = Debug|Any CPU
		{B6B35C8B-391A-425E-A6C6-016E163D0BF6}.Debug|Any CPU.Build.0 = Debug|Any CPU
		{B6B35C8B-391A-425E-A6C6-016E163D0BF6}.Debug|Mixed Platforms.ActiveCfg = Debug|Any CPU
		{B6B35C8B-391A-425E-A6C6-016E163D0BF6}.Debug|Mixed Platforms.Build.0 = Debug|Any CPU
		{B6B35C8B-391A-425E-A6C6-016E163D0BF6}.Debug|x64.ActiveCfg = Debug|Any CPU
		{B6B35C8B-391A-425E-A6C6-016E163D0BF6}.Debug|x64.Build.0 = Debug|Any CPU
		{B6B35C8B-391A-425E-A6C6-016E163D0BF6}.Debug|x86.ActiveCfg = Debug|Any CPU
		{B6B35C8B-391A-425E-A6C6-016E163D0BF6}.Debug|x86.Build.0 = Debug|Any CPU
		{B6B35C8B-391A-425E-A6C6-016E163D0BF6}.Release|Any CPU.ActiveCfg = Release|Any CPU
		{B6B35C8B-391A-425E-A6C6-016E163D0BF6}.Release|Any CPU.Build.0 = Release|Any CPU
		{B6B35C8B-391A-425E-A6C6-016E163D0BF6}.Release|Mixed Platforms.ActiveCfg = Release|Any CPU
		{B6B35C8B-391A-425E-A6C6-016E163D0BF6}.Release|Mixed Platforms.Build.0 = Release|Any CPU
		{B6B35C8B-391A-425E-A6C6-016E163D0BF6}.Release|x64.ActiveCfg = Release|Any CPU
		{B6B35C8B-391A-425E-A6C6-016E163D0BF6}.Release|x64.Build.0 = Release|Any CPU
		{B6B35C8B-391A-425E-A6C6-016E163D0BF6}.Release|x86.ActiveCfg = Release|Any CPU
		{B6B35C8B-391A-425E-A6C6-016E163D0BF6}.Release|x86.Build.0 = Release|Any CPU
	EndGlobalSection
	GlobalSection(SolutionProperties) = preSolution
		HideSolutionNode = FALSE
	EndGlobalSection
	GlobalSection(ExtensibilityGlobals) = postSolution
		SolutionGuid = {C8B07D47-76DC-4A92-9639-E82EF4F444AC}
	EndGlobalSection
	GlobalSection(TeamFoundationVersionControl) = preSolution
		SccNumberOfProjects = 11
		SccEnterpriseProvider = {4CA58AB2-18FA-4F8D-95D4-32DDF27D184C}
		SccTeamFoundationServer = https://tfs1.sipecom.com/invoicec
		SccLocalPath0 = .
		SccProjectUniqueName1 = Control\\Control.csproj
		SccProjectName1 = Control
		SccLocalPath1 = Control
		SccProjectUniqueName2 = Interfaz\\XdServiceEcuador.csproj
		SccProjectName2 = Interfaz
		SccLocalPath2 = Interfaz
		SccProjectUniqueName3 = Datos\\Datos.csproj
		SccProjectName3 = Datos
		SccLocalPath3 = Datos
		SccProjectUniqueName4 = ReportesDEI\\ReportesDEI.csproj
		SccProjectName4 = ReportesDEI
		SccLocalPath4 = ReportesDEI
		SccProjectUniqueName5 = GenCode128\\GenCode128.csproj
		SccProjectName5 = GenCode128
		SccLocalPath5 = GenCode128
		SccProjectUniqueName6 = validacion\\ValSign.csproj
		SccProjectName6 = validacion
		SccLocalPath6 = validacion
		SccProjectUniqueName7 = Invoicec\\Invoicec.csproj
		SccProjectName7 = Invoicec
		SccLocalPath7 = Invoicec
		SccProjectUniqueName8 = CriptoSimetrica\\CriptoSimetrica.csproj
		SccProjectName8 = CriptoSimetrica
		SccLocalPath8 = CriptoSimetrica
		SccProjectUniqueName9 = Invoicec_Unacem\\Invoicec_Unacem.vdproj
		SccProjectName9 = Invoicec_Unacem
		SccLocalPath9 = Invoicec_Unacem
		SccProjectUniqueName10 = ..\\..\\clibLogger\\clibLogger.csproj
		SccProjectName10 = ../../clibLogger
		SccLocalPath10 = ..\\..\\clibLogger
	EndGlobalSection
EndGlobal
